<?xml version="1.0" encoding="utf-8"?>
<Project ToolsVersion="4.0" xmlns="http://schemas.microsoft.com/developer/msbuild/2003">
  <ItemGroup>
    <Filter Include="Source Files">
      <UniqueIdentifier>{c4464bf2-5661-4c92-a351-f9223733783c}</UniqueIdentifier>
      <Extensions>cpp;c;cxx;rc;def;r;odl;idl;hpj;bat</Extensions>
    </Filter>
    <Filter Include="Header Files">
      <UniqueIdentifier>{6bfe3ef7-65cd-4540-ac75-b50bf13e21ab}</UniqueIdentifier>
      <Extensions>h;hpp;hxx;hm;inl</Extensions>
    </Filter>
    <Filter Include="Resource Files">
      <UniqueIdentifier>{27646bdf-facc-4259-8906-d6f0a6ee4f85}</UniqueIdentifier>
      <Extensions>ico;cur;bmp;dlg;rc2;rct;bin;rgs;gif;jpg;jpeg;jpe</Extensions>
    </Filter>
  </ItemGroup>
  <ItemGroup>
    <ClCompile Include="StdAfx.cpp">
      <Filter>Source Files</Filter>
    </ClCompile>
    <ClCompile Include="UIActiveX.cpp">
      <Filter>Source Files</Filter>
    </ClCompile>
    <ClCompile Include="UIAnim.cpp">
      <Filter>Source Files</Filter>
    </ClCompile>
    <ClCompile Include="UIBase.cpp">
      <Filter>Source Files</Filter>
    </ClCompile>
    <ClCompile Include="UIBlue.cpp">
      <Filter>Source Files</Filter>
    </ClCompile>
    <ClCompile Include="UIButton.cpp">
      <Filter>Source Files</Filter>
    </ClCompile>
    <ClCompile Include="UICombo.cpp">
      <Filter>Source Files</Filter>
    </ClCompile>
    <ClCompile Include="UIContainer.cpp">
      <Filter>Source Files</Filter>
    </ClCompile>
    <ClCompile Include="UIDecoration.cpp">
      <Filter>Source Files</Filter>
    </ClCompile>
    <ClCompile Include="UIDlgBuilder.cpp">
      <Filter>Source Files</Filter>
    </ClCompile>
    <ClCompile Include="UIEdit.cpp">
      <Filter>Source Files</Filter>
    </ClCompile>
    <ClCompile Include="UILabel.cpp">
      <Filter>Source Files</Filter>
    </ClCompile>
    <ClCompile Include="UIlib.cpp">
      <Filter>Source Files</Filter>
    </ClCompile>
    <ClCompile Include="UIList.cpp">
      <Filter>Source Files</Filter>
    </ClCompile>
    <ClCompile Include="UIManager.cpp">
      <Filter>Source Files</Filter>
    </ClCompile>
    <ClCompile Include="UIMarkup.cpp">
      <Filter>Source Files</Filter>
    </ClCompile>
    <ClCompile Include="UIPanel.cpp">
      <Filter>Source Files</Filter>
    </ClCompile>
    <ClCompile Include="UITab.cpp">
      <Filter>Source Files</Filter>
    </ClCompile>
    <ClCompile Include="UITool.cpp">
      <Filter>Source Files</Filter>
    </ClCompile>
  </ItemGroup>
  <ItemGroup>
    <ClInclude Include="Internal.h">
      <Filter>Header Files</Filter>
    </ClInclude>
    <ClInclude Include="StdAfx.h">
      <Filter>Header Files</Filter>
    </ClInclude>
    <ClInclude Include="UIActiveX.h">
      <Filter>Header Files</Filter>
    </ClInclude>
    <ClInclude Include="UIAnim.h">
      <Filter>Header Files</Filter>
    </ClInclude>
    <ClInclude Include="UIBase.h">
      <Filter>Header Files</Filter>
    </ClInclude>
    <ClInclude Include="UIBlue.h">
      <Filter>Header Files</Filter>
    </ClInclude>
    <ClInclude Include="UIButton.h">
      <Filter>Header Files</Filter>
    </ClInclude>
    <ClInclude Include="UICombo.h">
      <Filter>Header Files</Filter>
    </ClInclude>
    <ClInclude Include="UIContainer.h">
      <Filter>Header Files</Filter>
    </ClInclude>
    <ClInclude Include="UIDecoration.h">
      <Filter>Header Files</Filter>
    </ClInclude>
    <ClInclude Include="UIDlgBuilder.h">
      <Filter>Header Files</Filter>
    </ClInclude>
    <ClInclude Include="UIEdit.h">
      <Filter>Header Files</Filter>
    </ClInclude>
    <ClInclude Include="UILabel.h">
      <Filter>Header Files</Filter>
    </ClInclude>
    <ClInclude Include="UIlib.h">
      <Filter>Header Files</Filter>
    </ClInclude>
    <ClInclude Include="UIList.h">
      <Filter>Header Files</Filter>
    </ClInclude>
    <ClInclude Include="UIManager.h">
      <Filter>Header Files</Filter>
    </ClInclude>
    <ClInclude Include="UIMarkup.h">
      <Filter>Header Files</Filter>
    </ClInclude>
    <ClInclude Include="UIPanel.h">
      <Filter>Header Files</Filter>
    </ClInclude>
    <ClInclude Include="UITab.h">
      <Filter>Header Files</Filter>
    </ClInclude>
    <ClInclude Include="UITool.h">
      <Filter>Header Files</Filter>
    </ClInclude>
  </ItemGroup>
</Project>