Microsoft Visual Studio Solution File, Format Version 7.00
Project("{8BC9CEB8-8B4A-11D0-8D11-00A0C91BC942}") = "WinVisApp", "WinVisApp.vcproj", "{B40DBDF8-B565-407F-BF8D-D1B6914DA7A4}"
EndProject
Global
	GlobalSection(SolutionConfiguration) = preSolution
		ConfigName.0 = CapView
		ConfigName.1 = Debug
		ConfigName.2 = Debug(lint)
		ConfigName.3 = Release
		ConfigName.4 = Release(lint)
	EndGlobalSection
	GlobalSection(ProjectDependencies) = postSolution
	EndGlobalSection
	GlobalSection(ProjectConfiguration) = postSolution
		{B40DBDF8-B565-407F-BF8D-D1B6914DA7A4}.CapView.ActiveCfg = CapView|Win32
		{B40DBDF8-B565-407F-BF8D-D1B6914DA7A4}.CapView.Build.0 = CapView|Win32
		{B40DBDF8-B565-407F-BF8D-D1B6914DA7A4}.Debug.ActiveCfg = Debug|Win32
		{B40DBDF8-B565-407F-BF8D-D1B6914DA7A4}.Debug.Build.0 = Debug|Win32
		{B40DBDF8-B565-407F-BF8D-D1B6914DA7A4}.Debug(lint).ActiveCfg = Debug(lint)|Win32
		{B40DBDF8-B565-407F-BF8D-D1B6914DA7A4}.Debug(lint).Build.0 = Debug(lint)|Win32
		{B40DBDF8-B565-407F-BF8D-D1B6914DA7A4}.Release.ActiveCfg = Release|Win32
		{B40DBDF8-B565-407F-BF8D-D1B6914DA7A4}.Release.Build.0 = Release|Win32
		{B40DBDF8-B565-407F-BF8D-D1B6914DA7A4}.Release(lint).ActiveCfg = Release(lint)|Win32
		{B40DBDF8-B565-407F-BF8D-D1B6914DA7A4}.Release(lint).Build.0 = Release(lint)|Win32
	EndGlobalSection
	GlobalSection(ExtensibilityGlobals) = postSolution
	EndGlobalSection
	GlobalSection(ExtensibilityAddIns) = postSolution
	EndGlobalSection
EndGlobal
