
Microsoft Visual Studio Solution File, Format Version 11.00
# Visual Studio 2010
Project("{8BC9CEB8-8B4A-11D0-8D11-00A0C91BC942}") = "vislib", "vislib\vislib.vcxproj", "{987C2D87-6352-496B-898C-5466DE7C4E6D}"
EndProject
Project("{8BC9CEB8-8B4A-11D0-8D11-00A0C91BC942}") = "test", "test\test.vcxproj", "{D2C716C7-5939-41E4-9E4A-A5968B3785D5}"
EndProject
Global
	GlobalSection(SolutionConfigurationPlatforms) = preSolution
		Debug|Win32 = Debug|Win32
		Release|Win32 = Release|Win32
	EndGlobalSection
	GlobalSection(ProjectConfigurationPlatforms) = postSolution
		{987C2D87-6352-496B-898C-5466DE7C4E6D}.Debug|Win32.ActiveCfg = Debug|Win32
		{987C2D87-6352-496B-898C-5466DE7C4E6D}.Debug|Win32.Build.0 = Debug|Win32
		{987C2D87-6352-496B-898C-5466DE7C4E6D}.Release|Win32.ActiveCfg = Release|Win32
		{987C2D87-6352-496B-898C-5466DE7C4E6D}.Release|Win32.Build.0 = Release|Win32
		{D2C716C7-5939-41E4-9E4A-A5968B3785D5}.Debug|Win32.ActiveCfg = Debug|Win32
		{D2C716C7-5939-41E4-9E4A-A5968B3785D5}.Debug|Win32.Build.0 = Debug|Win32
		{D2C716C7-5939-41E4-9E4A-A5968B3785D5}.Release|Win32.ActiveCfg = Release|Win32
		{D2C716C7-5939-41E4-9E4A-A5968B3785D5}.Release|Win32.Build.0 = Release|Win32
	EndGlobalSection
	GlobalSection(SolutionProperties) = preSolution
		HideSolutionNode = FALSE
	EndGlobalSection
EndGlobal
