
Microsoft Visual Studio Solution File, Format Version 11.00
# Visual Studio 2010
Project("{8BC9CEB8-8B4A-11D0-8D11-00A0C91BC942}") = "TestOwnerDrawOrCustomDraw", "TestOwnerDrawOrCustomDraw\TestOwnerDrawOrCustomDraw.vcxproj", "{3372A9CF-FC9C-4986-8408-946DE364F907}"
EndProject
Project("{8BC9CEB8-8B4A-11D0-8D11-00A0C91BC942}") = "OwnerDrawButton", "OwnerDrawButton\OwnerDrawButton.vcxproj", "{81F82380-C7CD-DB2C-5F02-8471FB412A16}"
EndProject
Global
	GlobalSection(SolutionConfigurationPlatforms) = preSolution
		Debug|Win32 = Debug|Win32
		Release|Win32 = Release|Win32
	EndGlobalSection
	GlobalSection(ProjectConfigurationPlatforms) = postSolution
		{3372A9CF-FC9C-4986-8408-946DE364F907}.Debug|Win32.ActiveCfg = Debug|Win32
		{3372A9CF-FC9C-4986-8408-946DE364F907}.Debug|Win32.Build.0 = Debug|Win32
		{3372A9CF-FC9C-4986-8408-946DE364F907}.Release|Win32.ActiveCfg = Release|Win32
		{3372A9CF-FC9C-4986-8408-946DE364F907}.Release|Win32.Build.0 = Release|Win32
		{81F82380-C7CD-DB2C-5F02-8471FB412A16}.Debug|Win32.ActiveCfg = Debug|Win32
		{81F82380-C7CD-DB2C-5F02-8471FB412A16}.Debug|Win32.Build.0 = Debug|Win32
		{81F82380-C7CD-DB2C-5F02-8471FB412A16}.Release|Win32.ActiveCfg = Release|Win32
		{81F82380-C7CD-DB2C-5F02-8471FB412A16}.Release|Win32.Build.0 = Release|Win32
	EndGlobalSection
	GlobalSection(SolutionProperties) = preSolution
		HideSolutionNode = FALSE
	EndGlobalSection
EndGlobal
