
Microsoft Visual Studio Solution File, Format Version 10.00
# Visual Studio 2008
Project("{8BC9CEB8-8B4A-11D0-8D11-00A0C91BC942}") = "UIDesigner", "UIDesigner\UIDesigner.vcproj", "{8CC28A8B-CD88-44A7-8994-066CCD8938CB}"
EndProject
Global
	GlobalSection(SolutionConfigurationPlatforms) = preSolution
		Debug|Win32 = Debug|Win32
		Release|Win32 = Release|Win32
	EndGlobalSection
	GlobalSection(ProjectConfigurationPlatforms) = postSolution
		{8CC28A8B-CD88-44A7-8994-066CCD8938CB}.Debug|Win32.ActiveCfg = Debug|Win32
		{8CC28A8B-CD88-44A7-8994-066CCD8938CB}.Debug|Win32.Build.0 = Debug|Win32
		{8CC28A8B-CD88-44A7-8994-066CCD8938CB}.Release|Win32.ActiveCfg = Release|Win32
		{8CC28A8B-CD88-44A7-8994-066CCD8938CB}.Release|Win32.Build.0 = Release|Win32
	EndGlobalSection
	GlobalSection(SolutionProperties) = preSolution
		HideSolutionNode = FALSE
	EndGlobalSection
EndGlobal
